
Microsoft Visual Studio Solution File, Format Version 12.00
# Visual Studio 15
VisualStudioVersion = 15.0.27703.2047
MinimumVisualStudioVersion = 10.0.40219.1
Project("{FAE04EC0-301F-11D3-BF4B-00C04F79EFBC}") = "ExpedientesJIAAC", "ExpedientesJIAAC\ExpedientesJIAAC.csproj", "{7AC41CED-378E-4196-88B2-290F8BF1F101}"
EndProject
Project("{FAE04EC0-301F-11D3-BF4B-00C04F79EFBC}") = "Datos", "Datos\Datos.csproj", "{56E9CD72-C423-4F75-B91A-9012B0B6437D}"
EndProject
Global
	GlobalSection(SolutionConfigurationPlatforms) = preSolution
		Debug|Any CPU = Debug|Any CPU
		Release|Any CPU = Release|Any CPU
	EndGlobalSection
	GlobalSection(ProjectConfigurationPlatforms) = postSolution
		{7AC41CED-378E-4196-88B2-290F8BF1F101}.Debug|Any CPU.ActiveCfg = Debug|Any CPU
		{7AC41CED-378E-4196-88B2-290F8BF1F101}.Debug|Any CPU.Build.0 = Debug|Any CPU
		{7AC41CED-378E-4196-88B2-290F8BF1F101}.Release|Any CPU.ActiveCfg = Release|Any CPU
		{7AC41CED-378E-4196-88B2-290F8BF1F101}.Release|Any CPU.Build.0 = Release|Any CPU
		{56E9CD72-C423-4F75-B91A-9012B0B6437D}.Debug|Any CPU.ActiveCfg = Debug|Any CPU
		{56E9CD72-C423-4F75-B91A-9012B0B6437D}.Debug|Any CPU.Build.0 = Debug|Any CPU
		{56E9CD72-C423-4F75-B91A-9012B0B6437D}.Release|Any CPU.ActiveCfg = Release|Any CPU
		{56E9CD72-C423-4F75-B91A-9012B0B6437D}.Release|Any CPU.Build.0 = Release|Any CPU
	EndGlobalSection
	GlobalSection(SolutionProperties) = preSolution
		HideSolutionNode = FALSE
	EndGlobalSection
	GlobalSection(ExtensibilityGlobals) = postSolution
		SolutionGuid = {385EDA76-140A-45EB-8FBB-3958FCA761F2}
	EndGlobalSection
EndGlobal
