
Microsoft Visual Studio Solution File, Format Version 12.00
# Visual Studio 15
VisualStudioVersion = 15.0.27703.2047
MinimumVisualStudioVersion = 10.0.40219.1
Project("{FAE04EC0-301F-11D3-BF4B-00C04F79EFBC}") = "proyectoPAV2", "proyectoPAV2\proyectoPAV2.csproj", "{55840702-C774-4293-94F8-04710F3A13A8}"
EndProject
Project("{FAE04EC0-301F-11D3-BF4B-00C04F79EFBC}") = "BackEnd", "BackEnd\BackEnd.csproj", "{8B421664-1195-46B4-94C2-0CC1E1DA68D5}"
EndProject
Global
	GlobalSection(SolutionConfigurationPlatforms) = preSolution
		Debug|Any CPU = Debug|Any CPU
		Release|Any CPU = Release|Any CPU
	EndGlobalSection
	GlobalSection(ProjectConfigurationPlatforms) = postSolution
		{55840702-C774-4293-94F8-04710F3A13A8}.Debug|Any CPU.ActiveCfg = Debug|Any CPU
		{55840702-C774-4293-94F8-04710F3A13A8}.Debug|Any CPU.Build.0 = Debug|Any CPU
		{55840702-C774-4293-94F8-04710F3A13A8}.Release|Any CPU.ActiveCfg = Release|Any CPU
		{55840702-C774-4293-94F8-04710F3A13A8}.Release|Any CPU.Build.0 = Release|Any CPU
		{8B421664-1195-46B4-94C2-0CC1E1DA68D5}.Debug|Any CPU.ActiveCfg = Debug|Any CPU
		{8B421664-1195-46B4-94C2-0CC1E1DA68D5}.Debug|Any CPU.Build.0 = Debug|Any CPU
		{8B421664-1195-46B4-94C2-0CC1E1DA68D5}.Release|Any CPU.ActiveCfg = Release|Any CPU
		{8B421664-1195-46B4-94C2-0CC1E1DA68D5}.Release|Any CPU.Build.0 = Release|Any CPU
	EndGlobalSection
	GlobalSection(SolutionProperties) = preSolution
		HideSolutionNode = FALSE
	EndGlobalSection
	GlobalSection(ExtensibilityGlobals) = postSolution
		SolutionGuid = {5441D0DD-FC51-480B-8111-84EA53E5EAC3}
	EndGlobalSection
EndGlobal
